// !$*UTF8*$!
{
	archiveVersion = 1;
	classes = {
	};
	objectVersion = 48;
	objects = {

/* Begin PBXBuildFile section */
		9964F26B2486F9130015C39C /* HealthKit.framework in Frameworks */ = {isa = PBXBuildFile; fileRef = 9964F26A2486F9130015C39C /* HealthKit.framework */; };
		9964F26D248845560015C39C /* ExerciseInterfaceController.swift in Sources */ = {isa = PBXBuildFile; fileRef = 9964F26C248845560015C39C /* ExerciseInterfaceController.swift */; };
		9964F27124956EA60015C39C /* HealthKit.framework in Frameworks */ = {isa = PBXBuildFile; fileRef = 9964F27024956EA60015C39C /* HealthKit.framework */; };
		997EB9B9247C43400020B170 /* AppDelegate.swift in Sources */ = {isa = PBXBuildFile; fileRef = 997EB9B8247C43400020B170 /* AppDelegate.swift */; };
		997EB9BB247C43400020B170 /* ViewController.swift in Sources */ = {isa = PBXBuildFile; fileRef = 997EB9BA247C43400020B170 /* ViewController.swift */; };
		997EB9BE247C43400020B170 /* Main.storyboard in Resources */ = {isa = PBXBuildFile; fileRef = 997EB9BC247C43400020B170 /* Main.storyboard */; };
		997EB9C0247C43400020B170 /* Assets.xcassets in Resources */ = {isa = PBXBuildFile; fileRef = 997EB9BF247C43400020B170 /* Assets.xcassets */; };
		997EB9C3247C43400020B170 /* LaunchScreen.storyboard in Resources */ = {isa = PBXBuildFile; fileRef = 997EB9C1247C43400020B170 /* LaunchScreen.storyboard */; };
		997EB9CE247C43400020B170 /* HeartRateAppTests.swift in Sources */ = {isa = PBXBuildFile; fileRef = 997EB9CD247C43400020B170 /* HeartRateAppTests.swift */; };
		997EB9D9247C43400020B170 /* HeartRateAppUITests.swift in Sources */ = {isa = PBXBuildFile; fileRef = 997EB9D8247C43400020B170 /* HeartRateAppUITests.swift */; };
		997EB9DE247C43400020B170 /* HeartRateApp WatchKit App.app in Embed Watch Content */ = {isa = PBXBuildFile; fileRef = 997EB9DD247C43400020B170 /* HeartRateApp WatchKit App.app */; };
		997EB9E4247C43400020B170 /* Interface.storyboard in Resources */ = {isa = PBXBuildFile; fileRef = 997EB9E2247C43400020B170 /* Interface.storyboard */; };
		997EB9E6247C43400020B170 /* Assets.xcassets in Resources */ = {isa = PBXBuildFile; fileRef = 997EB9E5247C43400020B170 /* Assets.xcassets */; };
		997EB9ED247C43400020B170 /* HeartRateApp WatchKit Extension.appex in Embed App Extensions */ = {isa = PBXBuildFile; fileRef = 997EB9EC247C43400020B170 /* HeartRateApp WatchKit Extension.appex */; settings = {ATTRIBUTES = (RemoveHeadersOnCopy, ); }; };
		997EB9F2247C43400020B170 /* InterfaceController.swift in Sources */ = {isa = PBXBuildFile; fileRef = 997EB9F1247C43400020B170 /* InterfaceController.swift */; };
		997EB9F4247C43400020B170 /* ExtensionDelegate.swift in Sources */ = {isa = PBXBuildFile; fileRef = 997EB9F3247C43400020B170 /* ExtensionDelegate.swift */; };
		997EB9F6247C43400020B170 /* NotificationController.swift in Sources */ = {isa = PBXBuildFile; fileRef = 997EB9F5247C43400020B170 /* NotificationController.swift */; };
		997EB9F8247C43400020B170 /* Assets.xcassets in Resources */ = {isa = PBXBuildFile; fileRef = 997EB9F7247C43400020B170 /* Assets.xcassets */; };
		997EBA12247EEE3E0020B170 /* HealthKitUI.framework in Frameworks */ = {isa = PBXBuildFile; fileRef = 997EBA11247EEE3E0020B170 /* HealthKitUI.framework */; };
/* End PBXBuildFile section */

/* Begin PBXContainerItemProxy section */
		997EB9CA247C43400020B170 /* PBXContainerItemProxy */ = {
			isa = PBXContainerItemProxy;
			containerPortal = 997EB9AD247C43400020B170 /* Project object */;
			proxyType = 1;
			remoteGlobalIDString = 997EB9B4247C43400020B170;
			remoteInfo = HeartRateApp;
		};
		997EB9D5247C43400020B170 /* PBXContainerItemProxy */ = {
			isa = PBXContainerItemProxy;
			containerPortal = 997EB9AD247C43400020B170 /* Project object */;
			proxyType = 1;
			remoteGlobalIDString = 997EB9B4247C43400020B170;
			remoteInfo = HeartRateApp;
		};
		997EB9DF247C43400020B170 /* PBXContainerItemProxy */ = {
			isa = PBXContainerItemProxy;
			containerPortal = 997EB9AD247C43400020B170 /* Project object */;
			proxyType = 1;
			remoteGlobalIDString = 997EB9DC247C43400020B170;
			remoteInfo = "HeartRateApp WatchKit App";
		};
		997EB9EE247C43400020B170 /* PBXContainerItemProxy */ = {
			isa = PBXContainerItemProxy;
			containerPortal = 997EB9AD247C43400020B170 /* Project object */;
			proxyType = 1;
			remoteGlobalIDString = 997EB9EB247C43400020B170;
			remoteInfo = "HeartRateApp WatchKit Extension";
		};
/* End PBXContainerItemProxy section */

/* Begin PBXCopyFilesBuildPhase section */
		997EBA00247C43400020B170 /* Embed App Extensions */ = {
			isa = PBXCopyFilesBuildPhase;
			buildActionMask = 2147483647;
			dstPath = "";
			dstSubfolderSpec = 13;
			files = (
				997EB9ED247C43400020B170 /* HeartRateApp WatchKit Extension.appex in Embed App Extensions */,
			);
			name = "Embed App Extensions";
			runOnlyForDeploymentPostprocessing = 0;
		};
		997EBA04247C43400020B170 /* Embed Watch Content */ = {
			isa = PBXCopyFilesBuildPhase;
			buildActionMask = 2147483647;
			dstPath = "$(CONTENTS_FOLDER_PATH)/Watch";
			dstSubfolderSpec = 16;
			files = (
				997EB9DE247C43400020B170 /* HeartRateApp WatchKit App.app in Embed Watch Content */,
			);
			name = "Embed Watch Content";
			runOnlyForDeploymentPostprocessing = 0;
		};
/* End PBXCopyFilesBuildPhase section */

/* Begin PBXFileReference section */
		9964F2672486F7430015C39C /* HeartRateApp WatchKit Extension.entitlements */ = {isa = PBXFileReference; lastKnownFileType = text.plist.entitlements; path = "HeartRateApp WatchKit Extension.entitlements"; sourceTree = "<group>"; };
		9964F26A2486F9130015C39C /* HealthKit.framework */ = {isa = PBXFileReference; lastKnownFileType = wrapper.framework; name = HealthKit.framework; path = System/Library/Frameworks/HealthKit.framework; sourceTree = SDKROOT; };
		9964F26C248845560015C39C /* ExerciseInterfaceController.swift */ = {isa = PBXFileReference; lastKnownFileType = sourcecode.swift; path = ExerciseInterfaceController.swift; sourceTree = "<group>"; };
		9964F27024956EA60015C39C /* HealthKit.framework */ = {isa = PBXFileReference; lastKnownFileType = wrapper.framework; name = HealthKit.framework; path = Platforms/WatchOS.platform/Developer/SDKs/WatchOS4.2.sdk/System/Library/Frameworks/HealthKit.framework; sourceTree = DEVELOPER_DIR; };
		997EB9B5247C43400020B170 /* HeartRateApp.app */ = {isa = PBXFileReference; explicitFileType = wrapper.application; includeInIndex = 0; path = HeartRateApp.app; sourceTree = BUILT_PRODUCTS_DIR; };
		997EB9B8247C43400020B170 /* AppDelegate.swift */ = {isa = PBXFileReference; lastKnownFileType = sourcecode.swift; path = AppDelegate.swift; sourceTree = "<group>"; };
		997EB9BA247C43400020B170 /* ViewController.swift */ = {isa = PBXFileReference; lastKnownFileType = sourcecode.swift; path = ViewController.swift; sourceTree = "<group>"; };
		997EB9BD247C43400020B170 /* Base */ = {isa = PBXFileReference; lastKnownFileType = file.storyboard; name = Base; path = Base.lproj/Main.storyboard; sourceTree = "<group>"; };
		997EB9BF247C43400020B170 /* Assets.xcassets */ = {isa = PBXFileReference; lastKnownFileType = folder.assetcatalog; path = Assets.xcassets; sourceTree = "<group>"; };
		997EB9C2247C43400020B170 /* Base */ = {isa = PBXFileReference; lastKnownFileType = file.storyboard; name = Base; path = Base.lproj/LaunchScreen.storyboard; sourceTree = "<group>"; };
		997EB9C4247C43400020B170 /* Info.plist */ = {isa = PBXFileReference; lastKnownFileType = text.plist.xml; path = Info.plist; sourceTree = "<group>"; };
		997EB9C9247C43400020B170 /* HeartRateAppTests.xctest */ = {isa = PBXFileReference; explicitFileType = wrapper.cfbundle; includeInIndex = 0; path = HeartRateAppTests.xctest; sourceTree = BUILT_PRODUCTS_DIR; };
		997EB9CD247C43400020B170 /* HeartRateAppTests.swift */ = {isa = PBXFileReference; lastKnownFileType = sourcecode.swift; path = HeartRateAppTests.swift; sourceTree = "<group>"; };
		997EB9CF247C43400020B170 /* Info.plist */ = {isa = PBXFileReference; lastKnownFileType = text.plist.xml; path = Info.plist; sourceTree = "<group>"; };
		997EB9D4247C43400020B170 /* HeartRateAppUITests.xctest */ = {isa = PBXFileReference; explicitFileType = wrapper.cfbundle; includeInIndex = 0; path = HeartRateAppUITests.xctest; sourceTree = BUILT_PRODUCTS_DIR; };
		997EB9D8247C43400020B170 /* HeartRateAppUITests.swift */ = {isa = PBXFileReference; lastKnownFileType = sourcecode.swift; path = HeartRateAppUITests.swift; sourceTree = "<group>"; };
		997EB9DA247C43400020B170 /* Info.plist */ = {isa = PBXFileReference; lastKnownFileType = text.plist.xml; path = Info.plist; sourceTree = "<group>"; };
		997EB9DD247C43400020B170 /* HeartRateApp WatchKit App.app */ = {isa = PBXFileReference; explicitFileType = wrapper.application; includeInIndex = 0; path = "HeartRateApp WatchKit App.app"; sourceTree = BUILT_PRODUCTS_DIR; };
		997EB9E3247C43400020B170 /* Base */ = {isa = PBXFileReference; lastKnownFileType = file.storyboard; name = Base; path = Base.lproj/Interface.storyboard; sourceTree = "<group>"; };
		997EB9E5247C43400020B170 /* Assets.xcassets */ = {isa = PBXFileReference; lastKnownFileType = folder.assetcatalog; path = Assets.xcassets; sourceTree = "<group>"; };
		997EB9E7247C43400020B170 /* Info.plist */ = {isa = PBXFileReference; lastKnownFileType = text.plist.xml; path = Info.plist; sourceTree = "<group>"; };
		997EB9EC247C43400020B170 /* HeartRateApp WatchKit Extension.appex */ = {isa = PBXFileReference; explicitFileType = "wrapper.app-extension"; includeInIndex = 0; path = "HeartRateApp WatchKit Extension.appex"; sourceTree = BUILT_PRODUCTS_DIR; };
		997EB9F1247C43400020B170 /* InterfaceController.swift */ = {isa = PBXFileReference; lastKnownFileType = sourcecode.swift; path = InterfaceController.swift; sourceTree = "<group>"; };
		997EB9F3247C43400020B170 /* ExtensionDelegate.swift */ = {isa = PBXFileReference; lastKnownFileType = sourcecode.swift; path = ExtensionDelegate.swift; sourceTree = "<group>"; };
		997EB9F5247C43400020B170 /* NotificationController.swift */ = {isa = PBXFileReference; lastKnownFileType = sourcecode.swift; path = NotificationController.swift; sourceTree = "<group>"; };
		997EB9F7247C43400020B170 /* Assets.xcassets */ = {isa = PBXFileReference; lastKnownFileType = folder.assetcatalog; path = Assets.xcassets; sourceTree = "<group>"; };
		997EB9F9247C43400020B170 /* Info.plist */ = {isa = PBXFileReference; lastKnownFileType = text.plist.xml; path = Info.plist; sourceTree = "<group>"; };
		997EB9FA247C43400020B170 /* PushNotificationPayload.apns */ = {isa = PBXFileReference; lastKnownFileType = text; path = PushNotificationPayload.apns; sourceTree = "<group>"; };
		997EBA11247EEE3E0020B170 /* HealthKitUI.framework */ = {isa = PBXFileReference; lastKnownFileType = wrapper.framework; name = HealthKitUI.framework; path = System/Library/Frameworks/HealthKitUI.framework; sourceTree = SDKROOT; };
		997EBA13247EEEB60020B170 /* HeartRateApp.entitlements */ = {isa = PBXFileReference; lastKnownFileType = text.plist.entitlements; path = HeartRateApp.entitlements; sourceTree = "<group>"; };
/* End PBXFileReference section */

/* Begin PBXFrameworksBuildPhase section */
		997EB9B2247C43400020B170 /* Frameworks */ = {
			isa = PBXFrameworksBuildPhase;
			buildActionMask = 2147483647;
			files = (
				997EBA12247EEE3E0020B170 /* HealthKitUI.framework in Frameworks */,
				9964F26B2486F9130015C39C /* HealthKit.framework in Frameworks */,
			);
			runOnlyForDeploymentPostprocessing = 0;
		};
		997EB9C6247C43400020B170 /* Frameworks */ = {
			isa = PBXFrameworksBuildPhase;
			buildActionMask = 2147483647;
			files = (
			);
			runOnlyForDeploymentPostprocessing = 0;
		};
		997EB9D1247C43400020B170 /* Frameworks */ = {
			isa = PBXFrameworksBuildPhase;
			buildActionMask = 2147483647;
			files = (
			);
			runOnlyForDeploymentPostprocessing = 0;
		};
		997EB9E9247C43400020B170 /* Frameworks */ = {
			isa = PBXFrameworksBuildPhase;
			buildActionMask = 2147483647;
			files = (
				9964F27124956EA60015C39C /* HealthKit.framework in Frameworks */,
			);
			runOnlyForDeploymentPostprocessing = 0;
		};
/* End PBXFrameworksBuildPhase section */

/* Begin PBXGroup section */
		997EB9AC247C43400020B170 = {
			isa = PBXGroup;
			children = (
				997EB9B7247C43400020B170 /* HeartRateApp */,
				997EB9CC247C43400020B170 /* HeartRateAppTests */,
				997EB9D7247C43400020B170 /* HeartRateAppUITests */,
				997EB9E1247C43400020B170 /* HeartRateApp WatchKit App */,
				997EB9F0247C43400020B170 /* HeartRateApp WatchKit Extension */,
				997EB9B6247C43400020B170 /* Products */,
				997EBA0E247EEE350020B170 /* Frameworks */,
			);
			sourceTree = "<group>";
		};
		997EB9B6247C43400020B170 /* Products */ = {
			isa = PBXGroup;
			children = (
				997EB9B5247C43400020B170 /* HeartRateApp.app */,
				997EB9C9247C43400020B170 /* HeartRateAppTests.xctest */,
				997EB9D4247C43400020B170 /* HeartRateAppUITests.xctest */,
				997EB9DD247C43400020B170 /* HeartRateApp WatchKit App.app */,
				997EB9EC247C43400020B170 /* HeartRateApp WatchKit Extension.appex */,
			);
			name = Products;
			sourceTree = "<group>";
		};
		997EB9B7247C43400020B170 /* HeartRateApp */ = {
			isa = PBXGroup;
			children = (
				997EBA13247EEEB60020B170 /* HeartRateApp.entitlements */,
				997EB9B8247C43400020B170 /* AppDelegate.swift */,
				997EB9BA247C43400020B170 /* ViewController.swift */,
				997EB9BC247C43400020B170 /* Main.storyboard */,
				997EB9BF247C43400020B170 /* Assets.xcassets */,
				997EB9C1247C43400020B170 /* LaunchScreen.storyboard */,
				997EB9C4247C43400020B170 /* Info.plist */,
			);
			path = HeartRateApp;
			sourceTree = "<group>";
		};
		997EB9CC247C43400020B170 /* HeartRateAppTests */ = {
			isa = PBXGroup;
			children = (
				997EB9CD247C43400020B170 /* HeartRateAppTests.swift */,
				997EB9CF247C43400020B170 /* Info.plist */,
			);
			path = HeartRateAppTests;
			sourceTree = "<group>";
		};
		997EB9D7247C43400020B170 /* HeartRateAppUITests */ = {
			isa = PBXGroup;
			children = (
				997EB9D8247C43400020B170 /* HeartRateAppUITests.swift */,
				997EB9DA247C43400020B170 /* Info.plist */,
			);
			path = HeartRateAppUITests;
			sourceTree = "<group>";
		};
		997EB9E1247C43400020B170 /* HeartRateApp WatchKit App */ = {
			isa = PBXGroup;
			children = (
				997EB9E2247C43400020B170 /* Interface.storyboard */,
				997EB9E5247C43400020B170 /* Assets.xcassets */,
				997EB9E7247C43400020B170 /* Info.plist */,
			);
			path = "HeartRateApp WatchKit App";
			sourceTree = "<group>";
		};
		997EB9F0247C43400020B170 /* HeartRateApp WatchKit Extension */ = {
			isa = PBXGroup;
			children = (
				9964F2672486F7430015C39C /* HeartRateApp WatchKit Extension.entitlements */,
				997EB9F1247C43400020B170 /* InterfaceController.swift */,
				997EB9F3247C43400020B170 /* ExtensionDelegate.swift */,
				997EB9F5247C43400020B170 /* NotificationController.swift */,
				997EB9F7247C43400020B170 /* Assets.xcassets */,
				997EB9F9247C43400020B170 /* Info.plist */,
				997EB9FA247C43400020B170 /* PushNotificationPayload.apns */,
				9964F26C248845560015C39C /* ExerciseInterfaceController.swift */,
			);
			path = "HeartRateApp WatchKit Extension";
			sourceTree = "<group>";
		};
		997EBA0E247EEE350020B170 /* Frameworks */ = {
			isa = PBXGroup;
			children = (
				9964F27024956EA60015C39C /* HealthKit.framework */,
				9964F26A2486F9130015C39C /* HealthKit.framework */,
				997EBA11247EEE3E0020B170 /* HealthKitUI.framework */,
			);
			name = Frameworks;
			sourceTree = "<group>";
		};
/* End PBXGroup section */

/* Begin PBXNativeTarget section */
		997EB9B4247C43400020B170 /* HeartRateApp */ = {
			isa = PBXNativeTarget;
			buildConfigurationList = 997EBA05247C43400020B170 /* Build configuration list for PBXNativeTarget "HeartRateApp" */;
			buildPhases = (
				997EB9B1247C43400020B170 /* Sources */,
				997EB9B2247C43400020B170 /* Frameworks */,
				997EB9B3247C43400020B170 /* Resources */,
				997EBA04247C43400020B170 /* Embed Watch Content */,
			);
			buildRules = (
			);
			dependencies = (
				997EB9E0247C43400020B170 /* PBXTargetDependency */,
			);
			name = HeartRateApp;
			productName = HeartRateApp;
			productReference = 997EB9B5247C43400020B170 /* HeartRateApp.app */;
			productType = "com.apple.product-type.application";
		};
		997EB9C8247C43400020B170 /* HeartRateAppTests */ = {
			isa = PBXNativeTarget;
			buildConfigurationList = 997EBA08247C43400020B170 /* Build configuration list for PBXNativeTarget "HeartRateAppTests" */;
			buildPhases = (
				997EB9C5247C43400020B170 /* Sources */,
				997EB9C6247C43400020B170 /* Frameworks */,
				997EB9C7247C43400020B170 /* Resources */,
			);
			buildRules = (
			);
			dependencies = (
				997EB9CB247C43400020B170 /* PBXTargetDependency */,
			);
			name = HeartRateAppTests;
			productName = HeartRateAppTests;
			productReference = 997EB9C9247C43400020B170 /* HeartRateAppTests.xctest */;
			productType = "com.apple.product-type.bundle.unit-test";
		};
		997EB9D3247C43400020B170 /* HeartRateAppUITests */ = {
			isa = PBXNativeTarget;
			buildConfigurationList = 997EBA0B247C43400020B170 /* Build configuration list for PBXNativeTarget "HeartRateAppUITests" */;
			buildPhases = (
				997EB9D0247C43400020B170 /* Sources */,
				997EB9D1247C43400020B170 /* Frameworks */,
				997EB9D2247C43400020B170 /* Resources */,
			);
			buildRules = (
			);
			dependencies = (
				997EB9D6247C43400020B170 /* PBXTargetDependency */,
			);
			name = HeartRateAppUITests;
			productName = HeartRateAppUITests;
			productReference = 997EB9D4247C43400020B170 /* HeartRateAppUITests.xctest */;
			productType = "com.apple.product-type.bundle.ui-testing";
		};
		997EB9DC247C43400020B170 /* HeartRateApp WatchKit App */ = {
			isa = PBXNativeTarget;
			buildConfigurationList = 997EBA01247C43400020B170 /* Build configuration list for PBXNativeTarget "HeartRateApp WatchKit App" */;
			buildPhases = (
				997EB9DB247C43400020B170 /* Resources */,
				997EBA00247C43400020B170 /* Embed App Extensions */,
			);
			buildRules = (
			);
			dependencies = (
				997EB9EF247C43400020B170 /* PBXTargetDependency */,
			);
			name = "HeartRateApp WatchKit App";
			productName = "HeartRateApp WatchKit App";
			productReference = 997EB9DD247C43400020B170 /* HeartRateApp WatchKit App.app */;
			productType = "com.apple.product-type.application.watchapp2";
		};
		997EB9EB247C43400020B170 /* HeartRateApp WatchKit Extension */ = {
			isa = PBXNativeTarget;
			buildConfigurationList = 997EB9FD247C43400020B170 /* Build configuration list for PBXNativeTarget "HeartRateApp WatchKit Extension" */;
			buildPhases = (
				997EB9E8247C43400020B170 /* Sources */,
				997EB9E9247C43400020B170 /* Frameworks */,
				997EB9EA247C43400020B170 /* Resources */,
			);
			buildRules = (
			);
			dependencies = (
			);
			name = "HeartRateApp WatchKit Extension";
			productName = "HeartRateApp WatchKit Extension";
			productReference = 997EB9EC247C43400020B170 /* HeartRateApp WatchKit Extension.appex */;
			productType = "com.apple.product-type.watchkit2-extension";
		};
/* End PBXNativeTarget section */

/* Begin PBXProject section */
		997EB9AD247C43400020B170 /* Project object */ = {
			isa = PBXProject;
			attributes = {
				LastSwiftUpdateCheck = 0920;
				LastUpgradeCheck = 0920;
				ORGANIZATIONNAME = "Brian Remer";
				TargetAttributes = {
					997EB9B4247C43400020B170 = {
						CreatedOnToolsVersion = 9.2;
						ProvisioningStyle = Manual;
						SystemCapabilities = {
							com.apple.HealthKit = {
								enabled = 1;
							};
						};
					};
					997EB9C8247C43400020B170 = {
						CreatedOnToolsVersion = 9.2;
						ProvisioningStyle = Automatic;
						TestTargetID = 997EB9B4247C43400020B170;
					};
					997EB9D3247C43400020B170 = {
						CreatedOnToolsVersion = 9.2;
						ProvisioningStyle = Manual;
						TestTargetID = 997EB9B4247C43400020B170;
					};
					997EB9DC247C43400020B170 = {
						CreatedOnToolsVersion = 9.2;
						ProvisioningStyle = Manual;
					};
					997EB9EB247C43400020B170 = {
						CreatedOnToolsVersion = 9.2;
						ProvisioningStyle = Manual;
						SystemCapabilities = {
							com.apple.BackgroundModes.watchos.extension = {
								enabled = 1;
							};
							com.apple.HealthKit.watchos = {
								enabled = 1;
							};
						};
					};
				};
			};
			buildConfigurationList = 997EB9B0247C43400020B170 /* Build configuration list for PBXProject "HeartRateApp" */;
			compatibilityVersion = "Xcode 8.0";
			developmentRegion = en;
			hasScannedForEncodings = 0;
			knownRegions = (
				en,
				Base,
			);
			mainGroup = 997EB9AC247C43400020B170;
			productRefGroup = 997EB9B6247C43400020B170 /* Products */;
			projectDirPath = "";
			projectRoot = "";
			targets = (
				997EB9B4247C43400020B170 /* HeartRateApp */,
				997EB9C8247C43400020B170 /* HeartRateAppTests */,
				997EB9D3247C43400020B170 /* HeartRateAppUITests */,
				997EB9DC247C43400020B170 /* HeartRateApp WatchKit App */,
				997EB9EB247C43400020B170 /* HeartRateApp WatchKit Extension */,
			);
		};
/* End PBXProject section */

/* Begin PBXResourcesBuildPhase section */
		997EB9B3247C43400020B170 /* Resources */ = {
			isa = PBXResourcesBuildPhase;
			buildActionMask = 2147483647;
			files = (
				997EB9C3247C43400020B170 /* LaunchScreen.storyboard in Resources */,
				997EB9C0247C43400020B170 /* Assets.xcassets in Resources */,
				997EB9BE247C43400020B170 /* Main.storyboard in Resources */,
			);
			runOnlyForDeploymentPostprocessing = 0;
		};
		997EB9C7247C43400020B170 /* Resources */ = {
			isa = PBXResourcesBuildPhase;
			buildActionMask = 2147483647;
			files = (
			);
			runOnlyForDeploymentPostprocessing = 0;
		};
		997EB9D2247C43400020B170 /* Resources */ = {
			isa = PBXResourcesBuildPhase;
			buildActionMask = 2147483647;
			files = (
			);
			runOnlyForDeploymentPostprocessing = 0;
		};
		997EB9DB247C43400020B170 /* Resources */ = {
			isa = PBXResourcesBuildPhase;
			buildActionMask = 2147483647;
			files = (
				997EB9E6247C43400020B170 /* Assets.xcassets in Resources */,
				997EB9E4247C43400020B170 /* Interface.storyboard in Resources */,
			);
			runOnlyForDeploymentPostprocessing = 0;
		};
		997EB9EA247C43400020B170 /* Resources */ = {
			isa = PBXResourcesBuildPhase;
			buildActionMask = 2147483647;
			files = (
				997EB9F8247C43400020B170 /* Assets.xcassets in Resources */,
			);
			runOnlyForDeploymentPostprocessing = 0;
		};
/* End PBXResourcesBuildPhase section */

/* Begin PBXSourcesBuildPhase section */
		997EB9B1247C43400020B170 /* Sources */ = {
			isa = PBXSourcesBuildPhase;
			buildActionMask = 2147483647;
			files = (
				997EB9BB247C43400020B170 /* ViewController.swift in Sources */,
				997EB9B9247C43400020B170 /* AppDelegate.swift in Sources */,
			);
			runOnlyForDeploymentPostprocessing = 0;
		};
		997EB9C5247C43400020B170 /* Sources */ = {
			isa = PBXSourcesBuildPhase;
			buildActionMask = 2147483647;
			files = (
				997EB9CE247C43400020B170 /* HeartRateAppTests.swift in Sources */,
			);
			runOnlyForDeploymentPostprocessing = 0;
		};
		997EB9D0247C43400020B170 /* Sources */ = {
			isa = PBXSourcesBuildPhase;
			buildActionMask = 2147483647;
			files = (
				997EB9D9247C43400020B170 /* HeartRateAppUITests.swift in Sources */,
			);
			runOnlyForDeploymentPostprocessing = 0;
		};
		997EB9E8247C43400020B170 /* Sources */ = {
			isa = PBXSourcesBuildPhase;
			buildActionMask = 2147483647;
			files = (
				997EB9F6247C43400020B170 /* NotificationController.swift in Sources */,
				997EB9F4247C43400020B170 /* ExtensionDelegate.swift in Sources */,
				997EB9F2247C43400020B170 /* InterfaceController.swift in Sources */,
				9964F26D248845560015C39C /* ExerciseInterfaceController.swift in Sources */,
			);
			runOnlyForDeploymentPostprocessing = 0;
		};
/* End PBXSourcesBuildPhase section */

/* Begin PBXTargetDependency section */
		997EB9CB247C43400020B170 /* PBXTargetDependency */ = {
			isa = PBXTargetDependency;
			target = 997EB9B4247C43400020B170 /* HeartRateApp */;
			targetProxy = 997EB9CA247C43400020B170 /* PBXContainerItemProxy */;
		};
		997EB9D6247C43400020B170 /* PBXTargetDependency */ = {
			isa = PBXTargetDependency;
			target = 997EB9B4247C43400020B170 /* HeartRateApp */;
			targetProxy = 997EB9D5247C43400020B170 /* PBXContainerItemProxy */;
		};
		997EB9E0247C43400020B170 /* PBXTargetDependency */ = {
			isa = PBXTargetDependency;
			target = 997EB9DC247C43400020B170 /* HeartRateApp WatchKit App */;
			targetProxy = 997EB9DF247C43400020B170 /* PBXContainerItemProxy */;
		};
		997EB9EF247C43400020B170 /* PBXTargetDependency */ = {
			isa = PBXTargetDependency;
			target = 997EB9EB247C43400020B170 /* HeartRateApp WatchKit Extension */;
			targetProxy = 997EB9EE247C43400020B170 /* PBXContainerItemProxy */;
		};
/* End PBXTargetDependency section */

/* Begin PBXVariantGroup section */
		997EB9BC247C43400020B170 /* Main.storyboard */ = {
			isa = PBXVariantGroup;
			children = (
				997EB9BD247C43400020B170 /* Base */,
			);
			name = Main.storyboard;
			sourceTree = "<group>";
		};
		997EB9C1247C43400020B170 /* LaunchScreen.storyboard */ = {
			isa = PBXVariantGroup;
			children = (
				997EB9C2247C43400020B170 /* Base */,
			);
			name = LaunchScreen.storyboard;
			sourceTree = "<group>";
		};
		997EB9E2247C43400020B170 /* Interface.storyboard */ = {
			isa = PBXVariantGroup;
			children = (
				997EB9E3247C43400020B170 /* Base */,
			);
			name = Interface.storyboard;
			sourceTree = "<group>";
		};
/* End PBXVariantGroup section */

/* Begin XCBuildConfiguration section */
		997EB9FB247C43400020B170 /* Debug */ = {
			isa = XCBuildConfiguration;
			buildSettings = {
				ALWAYS_SEARCH_USER_PATHS = NO;
				CLANG_ANALYZER_NONNULL = YES;
				CLANG_ANALYZER_NUMBER_OBJECT_CONVERSION = YES_AGGRESSIVE;
				CLANG_CXX_LANGUAGE_STANDARD = "gnu++14";
				CLANG_CXX_LIBRARY = "libc++";
				CLANG_ENABLE_MODULES = YES;
				CLANG_ENABLE_OBJC_ARC = YES;
				CLANG_WARN_BLOCK_CAPTURE_AUTORELEASING = YES;
				CLANG_WARN_BOOL_CONVERSION = YES;
				CLANG_WARN_COMMA = YES;
				CLANG_WARN_CONSTANT_CONVERSION = YES;
				CLANG_WARN_DIRECT_OBJC_ISA_USAGE = YES_ERROR;
				CLANG_WARN_DOCUMENTATION_COMMENTS = YES;
				CLANG_WARN_EMPTY_BODY = YES;
				CLANG_WARN_ENUM_CONVERSION = YES;
				CLANG_WARN_INFINITE_RECURSION = YES;
				CLANG_WARN_INT_CONVERSION = YES;
				CLANG_WARN_NON_LITERAL_NULL_CONVERSION = YES;
				CLANG_WARN_OBJC_LITERAL_CONVERSION = YES;
				CLANG_WARN_OBJC_ROOT_CLASS = YES_ERROR;
				CLANG_WARN_RANGE_LOOP_ANALYSIS = YES;
				CLANG_WARN_STRICT_PROTOTYPES = YES;
				CLANG_WARN_SUSPICIOUS_MOVE = YES;
				CLANG_WARN_UNGUARDED_AVAILABILITY = YES_AGGRESSIVE;
				CLANG_WARN_UNREACHABLE_CODE = YES;
				CLANG_WARN__DUPLICATE_METHOD_MATCH = YES;
				CODE_SIGN_IDENTITY = "iPhone Developer";
				COPY_PHASE_STRIP = NO;
				DEBUG_INFORMATION_FORMAT = dwarf;
				ENABLE_STRICT_OBJC_MSGSEND = YES;
				ENABLE_TESTABILITY = YES;
				GCC_C_LANGUAGE_STANDARD = gnu11;
				GCC_DYNAMIC_NO_PIC = NO;
				GCC_NO_COMMON_BLOCKS = YES;
				GCC_OPTIMIZATION_LEVEL = 0;
				GCC_PREPROCESSOR_DEFINITIONS = (
					"DEBUG=1",
					"$(inherited)",
				);
				GCC_WARN_64_TO_32_BIT_CONVERSION = YES;
				GCC_WARN_ABOUT_RETURN_TYPE = YES_ERROR;
				GCC_WARN_UNDECLARED_SELECTOR = YES;
				GCC_WARN_UNINITIALIZED_AUTOS = YES_AGGRESSIVE;
				GCC_WARN_UNUSED_FUNCTION = YES;
				GCC_WARN_UNUSED_VARIABLE = YES;
				IPHONEOS_DEPLOYMENT_TARGET = 11.2;
				MTL_ENABLE_DEBUG_INFO = YES;
				ONLY_ACTIVE_ARCH = YES;
				SDKROOT = iphoneos;
				SWIFT_ACTIVE_COMPILATION_CONDITIONS = DEBUG;
				SWIFT_OPTIMIZATION_LEVEL = "-Onone";
			};
			name = Debug;
		};
		997EB9FC247C43400020B170 /* Release */ = {
			isa = XCBuildConfiguration;
			buildSettings = {
				ALWAYS_SEARCH_USER_PATHS = NO;
				CLANG_ANALYZER_NONNULL = YES;
				CLANG_ANALYZER_NUMBER_OBJECT_CONVERSION = YES_AGGRESSIVE;
				CLANG_CXX_LANGUAGE_STANDARD = "gnu++14";
				CLANG_CXX_LIBRARY = "libc++";
				CLANG_ENABLE_MODULES = YES;
				CLANG_ENABLE_OBJC_ARC = YES;
				CLANG_WARN_BLOCK_CAPTURE_AUTORELEASING = YES;
				CLANG_WARN_BOOL_CONVERSION = YES;
				CLANG_WARN_COMMA = YES;
				CLANG_WARN_CONSTANT_CONVERSION = YES;
				CLANG_WARN_DIRECT_OBJC_ISA_USAGE = YES_ERROR;
				CLANG_WARN_DOCUMENTATION_COMMENTS = YES;
				CLANG_WARN_EMPTY_BODY = YES;
				CLANG_WARN_ENUM_CONVERSION = YES;
				CLANG_WARN_INFINITE_RECURSION = YES;
				CLANG_WARN_INT_CONVERSION = YES;
				CLANG_WARN_NON_LITERAL_NULL_CONVERSION = YES;
				CLANG_WARN_OBJC_LITERAL_CONVERSION = YES;
				CLANG_WARN_OBJC_ROOT_CLASS = YES_ERROR;
				CLANG_WARN_RANGE_LOOP_ANALYSIS = YES;
				CLANG_WARN_STRICT_PROTOTYPES = YES;
				CLANG_WARN_SUSPICIOUS_MOVE = YES;
				CLANG_WARN_UNGUARDED_AVAILABILITY = YES_AGGRESSIVE;
				CLANG_WARN_UNREACHABLE_CODE = YES;
				CLANG_WARN__DUPLICATE_METHOD_MATCH = YES;
				CODE_SIGN_IDENTITY = "iPhone Developer";
				COPY_PHASE_STRIP = NO;
				DEBUG_INFORMATION_FORMAT = "dwarf-with-dsym";
				ENABLE_NS_ASSERTIONS = NO;
				ENABLE_STRICT_OBJC_MSGSEND = YES;
				GCC_C_LANGUAGE_STANDARD = gnu11;
				GCC_NO_COMMON_BLOCKS = YES;
				GCC_WARN_64_TO_32_BIT_CONVERSION = YES;
				GCC_WARN_ABOUT_RETURN_TYPE = YES_ERROR;
				GCC_WARN_UNDECLARED_SELECTOR = YES;
				GCC_WARN_UNINITIALIZED_AUTOS = YES_AGGRESSIVE;
				GCC_WARN_UNUSED_FUNCTION = YES;
				GCC_WARN_UNUSED_VARIABLE = YES;
				IPHONEOS_DEPLOYMENT_TARGET = 11.2;
				MTL_ENABLE_DEBUG_INFO = NO;
				SDKROOT = iphoneos;
				SWIFT_OPTIMIZATION_LEVEL = "-Owholemodule";
				VALIDATE_PRODUCT = YES;
			};
			name = Release;
		};
		997EB9FE247C43400020B170 /* Debug */ = {
			isa = XCBuildConfiguration;
			buildSettings = {
				ASSETCATALOG_COMPILER_COMPLICATION_NAME = Complication;
				CODE_SIGN_ENTITLEMENTS = "HeartRateApp WatchKit Extension/HeartRateApp WatchKit Extension.entitlements";
				"CODE_SIGN_IDENTITY[sdk=watchos*]" = "iPhone Developer";
				CODE_SIGN_STYLE = Manual;
				DEVELOPMENT_TEAM = 24888K33HW;
				INFOPLIST_FILE = "HeartRateApp WatchKit Extension/Info.plist";
				LD_RUNPATH_SEARCH_PATHS = "$(inherited) @executable_path/Frameworks @executable_path/../../Frameworks";
				PRODUCT_BUNDLE_IDENTIFIER = heartRateApp.watchkit.extension;
				PRODUCT_NAME = "${TARGET_NAME}";
				PROVISIONING_PROFILE = "ef4f0596-c580-48e8-a45d-933f274e3b60";
				PROVISIONING_PROFILE_SPECIFIER = "Brian Remer Watchkit Extension";
				SDKROOT = watchos;
				SKIP_INSTALL = YES;
				SWIFT_VERSION = 4.0;
				TARGETED_DEVICE_FAMILY = 4;
				WATCHOS_DEPLOYMENT_TARGET = 4.2;
			};
			name = Debug;
		};
		997EB9FF247C43400020B170 /* Release */ = {
			isa = XCBuildConfiguration;
			buildSettings = {
				ASSETCATALOG_COMPILER_COMPLICATION_NAME = Complication;
				CODE_SIGN_ENTITLEMENTS = "HeartRateApp WatchKit Extension/HeartRateApp WatchKit Extension.entitlements";
				"CODE_SIGN_IDENTITY[sdk=watchos*]" = "iPhone Developer";
				CODE_SIGN_STYLE = Manual;
				DEVELOPMENT_TEAM = 24888K33HW;
				INFOPLIST_FILE = "HeartRateApp WatchKit Extension/Info.plist";
				LD_RUNPATH_SEARCH_PATHS = "$(inherited) @executable_path/Frameworks @executable_path/../../Frameworks";
				PRODUCT_BUNDLE_IDENTIFIER = heartRateApp.watchkit.extension;
				PRODUCT_NAME = "${TARGET_NAME}";
				PROVISIONING_PROFILE = "ef4f0596-c580-48e8-a45d-933f274e3b60";
				PROVISIONING_PROFILE_SPECIFIER = "Brian Remer Watchkit Extension";
				SDKROOT = watchos;
				SKIP_INSTALL = YES;
				SWIFT_VERSION = 4.0;
				TARGETED_DEVICE_FAMILY = 4;
				WATCHOS_DEPLOYMENT_TARGET = 4.2;
			};
			name = Release;
		};
		997EBA02247C43400020B170 /* Debug */ = {
			isa = XCBuildConfiguration;
			buildSettings = {
				ALWAYS_EMBED_SWIFT_STANDARD_LIBRARIES = YES;
				ASSETCATALOG_COMPILER_APPICON_NAME = AppIcon;
				CODE_SIGN_STYLE = Manual;
				DEVELOPMENT_TEAM = 24888K33HW;
				IBSC_MODULE = HeartRateApp_WatchKit_Extension;
				INFOPLIST_FILE = "HeartRateApp WatchKit App/Info.plist";
				PRODUCT_BUNDLE_IDENTIFIER = heartRateApp.watchkit;
				PRODUCT_NAME = "$(TARGET_NAME)";
				PROVISIONING_PROFILE = "79feeca0-1501-409e-a9ee-d81f15d672f0";
				PROVISIONING_PROFILE_SPECIFIER = "Brian Remer Watchkit";
				SDKROOT = watchos;
				SKIP_INSTALL = YES;
				SWIFT_VERSION = 4.0;
				TARGETED_DEVICE_FAMILY = 4;
				WATCHOS_DEPLOYMENT_TARGET = 4.2;
			};
			name = Debug;
		};
		997EBA03247C43400020B170 /* Release */ = {
			isa = XCBuildConfiguration;
			buildSettings = {
				ALWAYS_EMBED_SWIFT_STANDARD_LIBRARIES = YES;
				ASSETCATALOG_COMPILER_APPICON_NAME = AppIcon;
				CODE_SIGN_STYLE = Manual;
				DEVELOPMENT_TEAM = 24888K33HW;
				IBSC_MODULE = HeartRateApp_WatchKit_Extension;
				INFOPLIST_FILE = "HeartRateApp WatchKit App/Info.plist";
				PRODUCT_BUNDLE_IDENTIFIER = heartRateApp.watchkit;
				PRODUCT_NAME = "$(TARGET_NAME)";
				PROVISIONING_PROFILE = "79feeca0-1501-409e-a9ee-d81f15d672f0";
				PROVISIONING_PROFILE_SPECIFIER = "Brian Remer Watchkit";
				SDKROOT = watchos;
				SKIP_INSTALL = YES;
				SWIFT_VERSION = 4.0;
				TARGETED_DEVICE_FAMILY = 4;
				WATCHOS_DEPLOYMENT_TARGET = 4.2;
			};
			name = Release;
		};
		997EBA06247C43400020B170 /* Debug */ = {
			isa = XCBuildConfiguration;
			buildSettings = {
				ASSETCATALOG_COMPILER_APPICON_NAME = AppIcon;
				CODE_SIGN_ENTITLEMENTS = HeartRateApp/HeartRateApp.entitlements;
				"CODE_SIGN_IDENTITY[sdk=iphoneos*]" = "iPhone Developer";
				CODE_SIGN_STYLE = Manual;
				DEVELOPMENT_TEAM = 24888K33HW;
				INFOPLIST_FILE = HeartRateApp/Info.plist;
				LD_RUNPATH_SEARCH_PATHS = "$(inherited) @executable_path/Frameworks";
				PRODUCT_BUNDLE_IDENTIFIER = heartRateApp;
				PRODUCT_NAME = "$(TARGET_NAME)";
				PROVISIONING_PROFILE = "adb83d91-b77a-483e-baa0-9683a5adc8d2";
				PROVISIONING_PROFILE_SPECIFIER = "Brian Remer HeartRateApp";
				SWIFT_VERSION = 4.0;
				TARGETED_DEVICE_FAMILY = "1,2";
			};
			name = Debug;
		};
		997EBA07247C43400020B170 /* Release */ = {
			isa = XCBuildConfiguration;
			buildSettings = {
				ASSETCATALOG_COMPILER_APPICON_NAME = AppIcon;
				CODE_SIGN_ENTITLEMENTS = HeartRateApp/HeartRateApp.entitlements;
				"CODE_SIGN_IDENTITY[sdk=iphoneos*]" = "iPhone Developer";
				CODE_SIGN_STYLE = Manual;
				DEVELOPMENT_TEAM = 24888K33HW;
				INFOPLIST_FILE = HeartRateApp/Info.plist;
				LD_RUNPATH_SEARCH_PATHS = "$(inherited) @executable_path/Frameworks";
				PRODUCT_BUNDLE_IDENTIFIER = heartRateApp;
				PRODUCT_NAME = "$(TARGET_NAME)";
				PROVISIONING_PROFILE = "adb83d91-b77a-483e-baa0-9683a5adc8d2";
				PROVISIONING_PROFILE_SPECIFIER = "Brian Remer HeartRateApp";
				SWIFT_VERSION = 4.0;
				TARGETED_DEVICE_FAMILY = "1,2";
			};
			name = Release;
		};
		997EBA09247C43400020B170 /* Debug */ = {
			isa = XCBuildConfiguration;
			buildSettings = {
				ALWAYS_EMBED_SWIFT_STANDARD_LIBRARIES = YES;
				BUNDLE_LOADER = "$(TEST_HOST)";
				CODE_SIGN_STYLE = Automatic;
				DEVELOPMENT_TEAM = 24888K33HW;
				INFOPLIST_FILE = HeartRateAppTests/Info.plist;
				LD_RUNPATH_SEARCH_PATHS = "$(inherited) @executable_path/Frameworks @loader_path/Frameworks";
				PRODUCT_BUNDLE_IDENTIFIER = research.HeartRateAppTests;
				PRODUCT_NAME = "$(TARGET_NAME)";
				SWIFT_VERSION = 4.0;
				TARGETED_DEVICE_FAMILY = "1,2";
				TEST_HOST = "$(BUILT_PRODUCTS_DIR)/HeartRateApp.app/HeartRateApp";
			};
			name = Debug;
		};
		997EBA0A247C43400020B170 /* Release */ = {
			isa = XCBuildConfiguration;
			buildSettings = {
				ALWAYS_EMBED_SWIFT_STANDARD_LIBRARIES = YES;
				BUNDLE_LOADER = "$(TEST_HOST)";
				CODE_SIGN_STYLE = Automatic;
				DEVELOPMENT_TEAM = 24888K33HW;
				INFOPLIST_FILE = HeartRateAppTests/Info.plist;
				LD_RUNPATH_SEARCH_PATHS = "$(inherited) @executable_path/Frameworks @loader_path/Frameworks";
				PRODUCT_BUNDLE_IDENTIFIER = research.HeartRateAppTests;
				PRODUCT_NAME = "$(TARGET_NAME)";
				SWIFT_VERSION = 4.0;
				TARGETED_DEVICE_FAMILY = "1,2";
				TEST_HOST = "$(BUILT_PRODUCTS_DIR)/HeartRateApp.app/HeartRateApp";
			};
			name = Release;
		};
		997EBA0C247C43400020B170 /* Debug */ = {
			isa = XCBuildConfiguration;
			buildSettings = {
				ALWAYS_EMBED_SWIFT_STANDARD_LIBRARIES = YES;
				CODE_SIGN_STYLE = Manual;
				DEVELOPMENT_TEAM = 24888K33HW;
				INFOPLIST_FILE = HeartRateAppUITests/Info.plist;
				LD_RUNPATH_SEARCH_PATHS = "$(inherited) @executable_path/Frameworks @loader_path/Frameworks";
				PRODUCT_BUNDLE_IDENTIFIER = research.HeartRateAppUITests;
				PRODUCT_NAME = "$(TARGET_NAME)";
				PROVISIONING_PROFILE = "24256e52-4f8c-4a48-8a5a-ec5ed314f5fd";
				PROVISIONING_PROFILE_SPECIFIER = HeartRateUITests;
				SWIFT_VERSION = 4.0;
				TARGETED_DEVICE_FAMILY = "1,2";
				TEST_TARGET_NAME = HeartRateApp;
			};
			name = Debug;
		};
		997EBA0D247C43400020B170 /* Release */ = {
			isa = XCBuildConfiguration;
			buildSettings = {
				ALWAYS_EMBED_SWIFT_STANDARD_LIBRARIES = YES;
				CODE_SIGN_STYLE = Manual;
				DEVELOPMENT_TEAM = 24888K33HW;
				INFOPLIST_FILE = HeartRateAppUITests/Info.plist;
				LD_RUNPATH_SEARCH_PATHS = "$(inherited) @executable_path/Frameworks @loader_path/Frameworks";
				PRODUCT_BUNDLE_IDENTIFIER = research.HeartRateAppUITests;
				PRODUCT_NAME = "$(TARGET_NAME)";
				PROVISIONING_PROFILE = "24256e52-4f8c-4a48-8a5a-ec5ed314f5fd";
				PROVISIONING_PROFILE_SPECIFIER = HeartRateUITests;
				SWIFT_VERSION = 4.0;
				TARGETED_DEVICE_FAMILY = "1,2";
				TEST_TARGET_NAME = HeartRateApp;
			};
			name = Release;
		};
/* End XCBuildConfiguration section */

/* Begin XCConfigurationList section */
		997EB9B0247C43400020B170 /* Build configuration list for PBXProject "HeartRateApp" */ = {
			isa = XCConfigurationList;
			buildConfigurations = (
				997EB9FB247C43400020B170 /* Debug */,
				997EB9FC247C43400020B170 /* Release */,
			);
			defaultConfigurationIsVisible = 0;
			defaultConfigurationName = Release;
		};
		997EB9FD247C43400020B170 /* Build configuration list for PBXNativeTarget "HeartRateApp WatchKit Extension" */ = {
			isa = XCConfigurationList;
			buildConfigurations = (
				997EB9FE247C43400020B170 /* Debug */,
				997EB9FF247C43400020B170 /* Release */,
			);
			defaultConfigurationIsVisible = 0;
			defaultConfigurationName = Release;
		};
		997EBA01247C43400020B170 /* Build configuration list for PBXNativeTarget "HeartRateApp WatchKit App" */ = {
			isa = XCConfigurationList;
			buildConfigurations = (
				997EBA02247C43400020B170 /* Debug */,
				997EBA03247C43400020B170 /* Release */,
			);
			defaultConfigurationIsVisible = 0;
			defaultConfigurationName = Release;
		};
		997EBA05247C43400020B170 /* Build configuration list for PBXNativeTarget "HeartRateApp" */ = {
			isa = XCConfigurationList;
			buildConfigurations = (
				997EBA06247C43400020B170 /* Debug */,
				997EBA07247C43400020B170 /* Release */,
			);
			defaultConfigurationIsVisible = 0;
			defaultConfigurationName = Release;
		};
		997EBA08247C43400020B170 /* Build configuration list for PBXNativeTarget "HeartRateAppTests" */ = {
			isa = XCConfigurationList;
			buildConfigurations = (
				997EBA09247C43400020B170 /* Debug */,
				997EBA0A247C43400020B170 /* Release */,
			);
			defaultConfigurationIsVisible = 0;
			defaultConfigurationName = Release;
		};
		997EBA0B247C43400020B170 /* Build configuration list for PBXNativeTarget "HeartRateAppUITests" */ = {
			isa = XCConfigurationList;
			buildConfigurations = (
				997EBA0C247C43400020B170 /* Debug */,
				997EBA0D247C43400020B170 /* Release */,
			);
			defaultConfigurationIsVisible = 0;
			defaultConfigurationName = Release;
		};
/* End XCConfigurationList section */
	};
	rootObject = 997EB9AD247C43400020B170 /* Project object */;
}
